// !$*UTF8*$!
{
	archiveVersion = 1;
	classes = {
	};
	objectVersion = 55;
	objects = {

/* Begin PBXBuildFile section */
		7505CF6428C51A36003AF679 /* ActionType.swift in Sources */ = {isa = PBXBuildFile; fileRef = 7505CF6328C51A36003AF679 /* ActionType.swift */; };
		7505CF6628C51A4F003AF679 /* TransactionType.swift in Sources */ = {isa = PBXBuildFile; fileRef = 7505CF6528C51A4F003AF679 /* TransactionType.swift */; };
		7505CF6E28C526B3003AF679 /* String.swift in Sources */ = {isa = PBXBuildFile; fileRef = 7505CF6D28C526B3003AF679 /* String.swift */; };
		7505CF7128C52BD7003AF679 /* TransactionDashboard.swift in Sources */ = {isa = PBXBuildFile; fileRef = 7505CF7028C52BD7003AF679 /* TransactionDashboard.swift */; };
		7505CF7328C58044003AF679 /* Double.swift in Sources */ = {isa = PBXBuildFile; fileRef = 7505CF7228C58044003AF679 /* Double.swift */; };
		7505CF7628C590A0003AF679 /* CurrencyFormatter in Frameworks */ = {isa = PBXBuildFile; productRef = 7505CF7528C590A0003AF679 /* CurrencyFormatter */; };
		7505CF7828C590A0003AF679 /* CurrencyTextSwiftUI in Frameworks */ = {isa = PBXBuildFile; productRef = 7505CF7728C590A0003AF679 /* CurrencyTextSwiftUI */; };
		7565805728C5937500D74B0E /* CurrencyFormatter.swift in Sources */ = {isa = PBXBuildFile; fileRef = 7565805628C5937500D74B0E /* CurrencyFormatter.swift */; };
		7565805928C597CE00D74B0E /* Date.swift in Sources */ = {isa = PBXBuildFile; fileRef = 7565805828C597CE00D74B0E /* Date.swift */; };
		7565805B28C62BF300D74B0E /* EmptyView.swift in Sources */ = {isa = PBXBuildFile; fileRef = 7565805A28C62BF300D74B0E /* EmptyView.swift */; };
		7565805D28C62E3800D74B0E /* DashboardView.swift in Sources */ = {isa = PBXBuildFile; fileRef = 7565805C28C62E3800D74B0E /* DashboardView.swift */; };
		7565806128C6DB3C00D74B0E /* functions.swift in Sources */ = {isa = PBXBuildFile; fileRef = 7565806028C6DB3B00D74B0E /* functions.swift */; };
		7568137328C43748004CE51B /* FinanzasApp.swift in Sources */ = {isa = PBXBuildFile; fileRef = 7568137228C43748004CE51B /* FinanzasApp.swift */; };
		7568137528C43748004CE51B /* ContentView.swift in Sources */ = {isa = PBXBuildFile; fileRef = 7568137428C43748004CE51B /* ContentView.swift */; };
		7568137728C4374A004CE51B /* Assets.xcassets in Resources */ = {isa = PBXBuildFile; fileRef = 7568137628C4374A004CE51B /* Assets.xcassets */; };
		7568137A28C4374A004CE51B /* Preview Assets.xcassets in Resources */ = {isa = PBXBuildFile; fileRef = 7568137928C4374A004CE51B /* Preview Assets.xcassets */; };
		7568138228C43956004CE51B /* CreditCardView.swift in Sources */ = {isa = PBXBuildFile; fileRef = 7568138128C43956004CE51B /* CreditCardView.swift */; };
		7568138428C43AD7004CE51B /* CreditCardAddView.swift in Sources */ = {isa = PBXBuildFile; fileRef = 7568138328C43AD7004CE51B /* CreditCardAddView.swift */; };
		7568138F28C44937004CE51B /* Finanzas.xcdatamodeld in Sources */ = {isa = PBXBuildFile; fileRef = 7568138D28C44937004CE51B /* Finanzas.xcdatamodeld */; };
		7568139228C44991004CE51B /* DataController.swift in Sources */ = {isa = PBXBuildFile; fileRef = 7568139128C44991004CE51B /* DataController.swift */; };
		7568139428C4E1E9004CE51B /* CreditCardItemView.swift in Sources */ = {isa = PBXBuildFile; fileRef = 7568139328C4E1E9004CE51B /* CreditCardItemView.swift */; };
		7568139628C4E60E004CE51B /* BankAccountView.swift in Sources */ = {isa = PBXBuildFile; fileRef = 7568139528C4E60E004CE51B /* BankAccountView.swift */; };
		7568139828C4E62D004CE51B /* BankAccountAddView.swift in Sources */ = {isa = PBXBuildFile; fileRef = 7568139728C4E62D004CE51B /* BankAccountAddView.swift */; };
		7568139A28C4E85C004CE51B /* BankAccountItemView.swift in Sources */ = {isa = PBXBuildFile; fileRef = 7568139928C4E85C004CE51B /* BankAccountItemView.swift */; };
		7568139C28C4EB0E004CE51B /* TransactionView.swift in Sources */ = {isa = PBXBuildFile; fileRef = 7568139B28C4EB0E004CE51B /* TransactionView.swift */; };
		7568139E28C4EB20004CE51B /* TransactionAddView.swift in Sources */ = {isa = PBXBuildFile; fileRef = 7568139D28C4EB20004CE51B /* TransactionAddView.swift */; };
		756813A028C4EE69004CE51B /* TransactionItemView.swift in Sources */ = {isa = PBXBuildFile; fileRef = 7568139F28C4EE69004CE51B /* TransactionItemView.swift */; };
		756813A328C4EE95004CE51B /* formatter.swift in Sources */ = {isa = PBXBuildFile; fileRef = 756813A228C4EE95004CE51B /* formatter.swift */; };
		759493E328CD2A03002EC02A /* PaymentType.swift in Sources */ = {isa = PBXBuildFile; fileRef = 759493E228CD2A03002EC02A /* PaymentType.swift */; };
		759493E628CE3308002EC02A /* TransactionsData.swift in Sources */ = {isa = PBXBuildFile; fileRef = 759493E528CE3308002EC02A /* TransactionsData.swift */; };
/* End PBXBuildFile section */

/* Begin PBXFileReference section */
		7505CF6328C51A36003AF679 /* ActionType.swift */ = {isa = PBXFileReference; lastKnownFileType = sourcecode.swift; path = ActionType.swift; sourceTree = "<group>"; };
		7505CF6528C51A4F003AF679 /* TransactionType.swift */ = {isa = PBXFileReference; lastKnownFileType = sourcecode.swift; path = TransactionType.swift; sourceTree = "<group>"; };
		7505CF6728C5207D003AF679 /* Finanzas.entitlements */ = {isa = PBXFileReference; lastKnownFileType = text.plist.entitlements; path = Finanzas.entitlements; sourceTree = "<group>"; };
		7505CF6D28C526B3003AF679 /* String.swift */ = {isa = PBXFileReference; lastKnownFileType = sourcecode.swift; path = String.swift; sourceTree = "<group>"; };
		7505CF7028C52BD7003AF679 /* TransactionDashboard.swift */ = {isa = PBXFileReference; lastKnownFileType = sourcecode.swift; path = TransactionDashboard.swift; sourceTree = "<group>"; };
		7505CF7228C58044003AF679 /* Double.swift */ = {isa = PBXFileReference; lastKnownFileType = sourcecode.swift; path = Double.swift; sourceTree = "<group>"; };
		7565805628C5937500D74B0E /* CurrencyFormatter.swift */ = {isa = PBXFileReference; lastKnownFileType = sourcecode.swift; path = CurrencyFormatter.swift; sourceTree = "<group>"; };
		7565805828C597CE00D74B0E /* Date.swift */ = {isa = PBXFileReference; lastKnownFileType = sourcecode.swift; path = Date.swift; sourceTree = "<group>"; };
		7565805A28C62BF300D74B0E /* EmptyView.swift */ = {isa = PBXFileReference; lastKnownFileType = sourcecode.swift; path = EmptyView.swift; sourceTree = "<group>"; };
		7565805C28C62E3800D74B0E /* DashboardView.swift */ = {isa = PBXFileReference; lastKnownFileType = sourcecode.swift; path = DashboardView.swift; sourceTree = "<group>"; };
		7565806028C6DB3B00D74B0E /* functions.swift */ = {isa = PBXFileReference; lastKnownFileType = sourcecode.swift; path = functions.swift; sourceTree = "<group>"; };
		7568136F28C43748004CE51B /* Finanzas.app */ = {isa = PBXFileReference; explicitFileType = wrapper.application; includeInIndex = 0; path = Finanzas.app; sourceTree = BUILT_PRODUCTS_DIR; };
		7568137228C43748004CE51B /* FinanzasApp.swift */ = {isa = PBXFileReference; lastKnownFileType = sourcecode.swift; path = FinanzasApp.swift; sourceTree = "<group>"; };
		7568137428C43748004CE51B /* ContentView.swift */ = {isa = PBXFileReference; lastKnownFileType = sourcecode.swift; path = ContentView.swift; sourceTree = "<group>"; };
		7568137628C4374A004CE51B /* Assets.xcassets */ = {isa = PBXFileReference; lastKnownFileType = folder.assetcatalog; path = Assets.xcassets; sourceTree = "<group>"; };
		7568137928C4374A004CE51B /* Preview Assets.xcassets */ = {isa = PBXFileReference; lastKnownFileType = folder.assetcatalog; path = "Preview Assets.xcassets"; sourceTree = "<group>"; };
		7568138128C43956004CE51B /* CreditCardView.swift */ = {isa = PBXFileReference; lastKnownFileType = sourcecode.swift; path = CreditCardView.swift; sourceTree = "<group>"; };
		7568138328C43AD7004CE51B /* CreditCardAddView.swift */ = {isa = PBXFileReference; lastKnownFileType = sourcecode.swift; path = CreditCardAddView.swift; sourceTree = "<group>"; };
		7568138E28C44937004CE51B /* Finanzas.xcdatamodel */ = {isa = PBXFileReference; lastKnownFileType = wrapper.xcdatamodel; path = Finanzas.xcdatamodel; sourceTree = "<group>"; };
		7568139128C44991004CE51B /* DataController.swift */ = {isa = PBXFileReference; lastKnownFileType = sourcecode.swift; path = DataController.swift; sourceTree = "<group>"; };
		7568139328C4E1E9004CE51B /* CreditCardItemView.swift */ = {isa = PBXFileReference; lastKnownFileType = sourcecode.swift; path = CreditCardItemView.swift; sourceTree = "<group>"; };
		7568139528C4E60E004CE51B /* BankAccountView.swift */ = {isa = PBXFileReference; lastKnownFileType = sourcecode.swift; path = BankAccountView.swift; sourceTree = "<group>"; };
		7568139728C4E62D004CE51B /* BankAccountAddView.swift */ = {isa = PBXFileReference; lastKnownFileType = sourcecode.swift; path = BankAccountAddView.swift; sourceTree = "<group>"; };
		7568139928C4E85C004CE51B /* BankAccountItemView.swift */ = {isa = PBXFileReference; lastKnownFileType = sourcecode.swift; path = BankAccountItemView.swift; sourceTree = "<group>"; };
		7568139B28C4EB0E004CE51B /* TransactionView.swift */ = {isa = PBXFileReference; lastKnownFileType = sourcecode.swift; path = TransactionView.swift; sourceTree = "<group>"; };
		7568139D28C4EB20004CE51B /* TransactionAddView.swift */ = {isa = PBXFileReference; lastKnownFileType = sourcecode.swift; path = TransactionAddView.swift; sourceTree = "<group>"; };
		7568139F28C4EE69004CE51B /* TransactionItemView.swift */ = {isa = PBXFileReference; lastKnownFileType = sourcecode.swift; path = TransactionItemView.swift; sourceTree = "<group>"; };
		756813A228C4EE95004CE51B /* formatter.swift */ = {isa = PBXFileReference; lastKnownFileType = sourcecode.swift; path = formatter.swift; sourceTree = "<group>"; };
		759493E228CD2A03002EC02A /* PaymentType.swift */ = {isa = PBXFileReference; lastKnownFileType = sourcecode.swift; path = PaymentType.swift; sourceTree = "<group>"; };
		759493E528CE3308002EC02A /* TransactionsData.swift */ = {isa = PBXFileReference; lastKnownFileType = sourcecode.swift; path = TransactionsData.swift; sourceTree = "<group>"; };
/* End PBXFileReference section */

/* Begin PBXFrameworksBuildPhase section */
		7568136C28C43748004CE51B /* Frameworks */ = {
			isa = PBXFrameworksBuildPhase;
			buildActionMask = 2147483647;
			files = (
				7505CF7828C590A0003AF679 /* CurrencyTextSwiftUI in Frameworks */,
				7505CF7628C590A0003AF679 /* CurrencyFormatter in Frameworks */,
			);
			runOnlyForDeploymentPostprocessing = 0;
		};
/* End PBXFrameworksBuildPhase section */

/* Begin PBXGroup section */
		7505CF6C28C526A8003AF679 /* extensions */ = {
			isa = PBXGroup;
			children = (
				7505CF6D28C526B3003AF679 /* String.swift */,
				7505CF7228C58044003AF679 /* Double.swift */,
				7565805628C5937500D74B0E /* CurrencyFormatter.swift */,
				7565805828C597CE00D74B0E /* Date.swift */,
			);
			path = extensions;
			sourceTree = "<group>";
		};
		7505CF6F28C52BCE003AF679 /* types */ = {
			isa = PBXGroup;
			children = (
				7505CF7028C52BD7003AF679 /* TransactionDashboard.swift */,
			);
			path = types;
			sourceTree = "<group>";
		};
		7568136628C43748004CE51B = {
			isa = PBXGroup;
			children = (
				7568137128C43748004CE51B /* Finanzas */,
				7568137028C43748004CE51B /* Products */,
			);
			sourceTree = "<group>";
		};
		7568137028C43748004CE51B /* Products */ = {
			isa = PBXGroup;
			children = (
				7568136F28C43748004CE51B /* Finanzas.app */,
			);
			name = Products;
			sourceTree = "<group>";
		};
		7568137128C43748004CE51B /* Finanzas */ = {
			isa = PBXGroup;
			children = (
				7505CF6F28C52BCE003AF679 /* types */,
				7505CF6C28C526A8003AF679 /* extensions */,
				7505CF6728C5207D003AF679 /* Finanzas.entitlements */,
				756813A428C51A00004CE51B /* enums */,
				756813A128C4EE8C004CE51B /* utils */,
				7568139028C44988004CE51B /* data */,
				7568138528C43C05004CE51B /* components */,
				7568138028C43942004CE51B /* screens */,
				7568137228C43748004CE51B /* FinanzasApp.swift */,
				7568137428C43748004CE51B /* ContentView.swift */,
				7568137628C4374A004CE51B /* Assets.xcassets */,
				7568137828C4374A004CE51B /* Preview Content */,
				7568138D28C44937004CE51B /* Finanzas.xcdatamodeld */,
			);
			path = Finanzas;
			sourceTree = "<group>";
		};
		7568137828C4374A004CE51B /* Preview Content */ = {
			isa = PBXGroup;
			children = (
				7568137928C4374A004CE51B /* Preview Assets.xcassets */,
			);
			path = "Preview Content";
			sourceTree = "<group>";
		};
		7568138028C43942004CE51B /* screens */ = {
			isa = PBXGroup;
			children = (
				7568138128C43956004CE51B /* CreditCardView.swift */,
				7568138328C43AD7004CE51B /* CreditCardAddView.swift */,
				7568139528C4E60E004CE51B /* BankAccountView.swift */,
				7568139728C4E62D004CE51B /* BankAccountAddView.swift */,
				7568139B28C4EB0E004CE51B /* TransactionView.swift */,
				7568139D28C4EB20004CE51B /* TransactionAddView.swift */,
				7565805C28C62E3800D74B0E /* DashboardView.swift */,
			);
			path = screens;
			sourceTree = "<group>";
		};
		7568138528C43C05004CE51B /* components */ = {
			isa = PBXGroup;
			children = (
				7568139328C4E1E9004CE51B /* CreditCardItemView.swift */,
				7568139928C4E85C004CE51B /* BankAccountItemView.swift */,
				7568139F28C4EE69004CE51B /* TransactionItemView.swift */,
				7565805A28C62BF300D74B0E /* EmptyView.swift */,
			);
			path = components;
			sourceTree = "<group>";
		};
		7568139028C44988004CE51B /* data */ = {
			isa = PBXGroup;
			children = (
				7568139128C44991004CE51B /* DataController.swift */,
				759493E528CE3308002EC02A /* TransactionsData.swift */,
			);
			path = data;
			sourceTree = "<group>";
		};
		756813A128C4EE8C004CE51B /* utils */ = {
			isa = PBXGroup;
			children = (
				756813A228C4EE95004CE51B /* formatter.swift */,
				7565806028C6DB3B00D74B0E /* functions.swift */,
			);
			path = utils;
			sourceTree = "<group>";
		};
		756813A428C51A00004CE51B /* enums */ = {
			isa = PBXGroup;
			children = (
				7505CF6328C51A36003AF679 /* ActionType.swift */,
				7505CF6528C51A4F003AF679 /* TransactionType.swift */,
				759493E228CD2A03002EC02A /* PaymentType.swift */,
			);
			path = enums;
			sourceTree = "<group>";
		};
/* End PBXGroup section */

/* Begin PBXNativeTarget section */
		7568136E28C43748004CE51B /* Finanzas */ = {
			isa = PBXNativeTarget;
			buildConfigurationList = 7568137D28C4374A004CE51B /* Build configuration list for PBXNativeTarget "Finanzas" */;
			buildPhases = (
				7568136B28C43748004CE51B /* Sources */,
				7568136C28C43748004CE51B /* Frameworks */,
				7568136D28C43748004CE51B /* Resources */,
			);
			buildRules = (
			);
			dependencies = (
			);
			name = Finanzas;
			packageProductDependencies = (
				7505CF7528C590A0003AF679 /* CurrencyFormatter */,
				7505CF7728C590A0003AF679 /* CurrencyTextSwiftUI */,
			);
			productName = Finanzas;
			productReference = 7568136F28C43748004CE51B /* Finanzas.app */;
			productType = "com.apple.product-type.application";
		};
/* End PBXNativeTarget section */

/* Begin PBXProject section */
		7568136728C43748004CE51B /* Project object */ = {
			isa = PBXProject;
			attributes = {
				BuildIndependentTargetsInParallel = 1;
				LastSwiftUpdateCheck = 1340;
				LastUpgradeCheck = 1340;
				TargetAttributes = {
					7568136E28C43748004CE51B = {
						CreatedOnToolsVersion = 13.4.1;
					};
				};
			};
			buildConfigurationList = 7568136A28C43748004CE51B /* Build configuration list for PBXProject "Finanzas" */;
			compatibilityVersion = "Xcode 13.0";
			developmentRegion = en;
			hasScannedForEncodings = 0;
			knownRegions = (
				en,
				Base,
			);
			mainGroup = 7568136628C43748004CE51B;
			packageReferences = (
				7505CF7428C590A0003AF679 /* XCRemoteSwiftPackageReference "CurrencyText" */,
			);
			productRefGroup = 7568137028C43748004CE51B /* Products */;
			projectDirPath = "";
			projectRoot = "";
			targets = (
				7568136E28C43748004CE51B /* Finanzas */,
			);
		};
/* End PBXProject section */

/* Begin PBXResourcesBuildPhase section */
		7568136D28C43748004CE51B /* Resources */ = {
			isa = PBXResourcesBuildPhase;
			buildActionMask = 2147483647;
			files = (
				7568137A28C4374A004CE51B /* Preview Assets.xcassets in Resources */,
				7568137728C4374A004CE51B /* Assets.xcassets in Resources */,
			);
			runOnlyForDeploymentPostprocessing = 0;
		};
/* End PBXResourcesBuildPhase section */

/* Begin PBXSourcesBuildPhase section */
		7568136B28C43748004CE51B /* Sources */ = {
			isa = PBXSourcesBuildPhase;
			buildActionMask = 2147483647;
			files = (
				7568137528C43748004CE51B /* ContentView.swift in Sources */,
				7565805728C5937500D74B0E /* CurrencyFormatter.swift in Sources */,
				7505CF6428C51A36003AF679 /* ActionType.swift in Sources */,
				7568137328C43748004CE51B /* FinanzasApp.swift in Sources */,
				7565805B28C62BF300D74B0E /* EmptyView.swift in Sources */,
				7565805928C597CE00D74B0E /* Date.swift in Sources */,
				7568139228C44991004CE51B /* DataController.swift in Sources */,
				7568139C28C4EB0E004CE51B /* TransactionView.swift in Sources */,
				7568139A28C4E85C004CE51B /* BankAccountItemView.swift in Sources */,
				7568138228C43956004CE51B /* CreditCardView.swift in Sources */,
				7565805D28C62E3800D74B0E /* DashboardView.swift in Sources */,
				7565806128C6DB3C00D74B0E /* functions.swift in Sources */,
				759493E328CD2A03002EC02A /* PaymentType.swift in Sources */,
				7505CF7328C58044003AF679 /* Double.swift in Sources */,
				756813A328C4EE95004CE51B /* formatter.swift in Sources */,
				7568139428C4E1E9004CE51B /* CreditCardItemView.swift in Sources */,
				756813A028C4EE69004CE51B /* TransactionItemView.swift in Sources */,
				7568139828C4E62D004CE51B /* BankAccountAddView.swift in Sources */,
				7568139628C4E60E004CE51B /* BankAccountView.swift in Sources */,
				7505CF6628C51A4F003AF679 /* TransactionType.swift in Sources */,
				7568138428C43AD7004CE51B /* CreditCardAddView.swift in Sources */,
				7505CF6E28C526B3003AF679 /* String.swift in Sources */,
				759493E628CE3308002EC02A /* TransactionsData.swift in Sources */,
				7568138F28C44937004CE51B /* Finanzas.xcdatamodeld in Sources */,
				7505CF7128C52BD7003AF679 /* TransactionDashboard.swift in Sources */,
				7568139E28C4EB20004CE51B /* TransactionAddView.swift in Sources */,
			);
			runOnlyForDeploymentPostprocessing = 0;
		};
/* End PBXSourcesBuildPhase section */

/* Begin XCBuildConfiguration section */
		7568137B28C4374A004CE51B /* Debug */ = {
			isa = XCBuildConfiguration;
			buildSettings = {
				ALWAYS_SEARCH_USER_PATHS = NO;
				CLANG_ANALYZER_NONNULL = YES;
				CLANG_ANALYZER_NUMBER_OBJECT_CONVERSION = YES_AGGRESSIVE;
				CLANG_CXX_LANGUAGE_STANDARD = "gnu++17";
				CLANG_ENABLE_MODULES = YES;
				CLANG_ENABLE_OBJC_ARC = YES;
				CLANG_ENABLE_OBJC_WEAK = YES;
				CLANG_WARN_BLOCK_CAPTURE_AUTORELEASING = YES;
				CLANG_WARN_BOOL_CONVERSION = YES;
				CLANG_WARN_COMMA = YES;
				CLANG_WARN_CONSTANT_CONVERSION = YES;
				CLANG_WARN_DEPRECATED_OBJC_IMPLEMENTATIONS = YES;
				CLANG_WARN_DIRECT_OBJC_ISA_USAGE = YES_ERROR;
				CLANG_WARN_DOCUMENTATION_COMMENTS = YES;
				CLANG_WARN_EMPTY_BODY = YES;
				CLANG_WARN_ENUM_CONVERSION = YES;
				CLANG_WARN_INFINITE_RECURSION = YES;
				CLANG_WARN_INT_CONVERSION = YES;
				CLANG_WARN_NON_LITERAL_NULL_CONVERSION = YES;
				CLANG_WARN_OBJC_IMPLICIT_RETAIN_SELF = YES;
				CLANG_WARN_OBJC_LITERAL_CONVERSION = YES;
				CLANG_WARN_OBJC_ROOT_CLASS = YES_ERROR;
				CLANG_WARN_QUOTED_INCLUDE_IN_FRAMEWORK_HEADER = YES;
				CLANG_WARN_RANGE_LOOP_ANALYSIS = YES;
				CLANG_WARN_STRICT_PROTOTYPES = YES;
				CLANG_WARN_SUSPICIOUS_MOVE = YES;
				CLANG_WARN_UNGUARDED_AVAILABILITY = YES_AGGRESSIVE;
				CLANG_WARN_UNREACHABLE_CODE = YES;
				CLANG_WARN__DUPLICATE_METHOD_MATCH = YES;
				COPY_PHASE_STRIP = NO;
				DEBUG_INFORMATION_FORMAT = dwarf;
				ENABLE_STRICT_OBJC_MSGSEND = YES;
				ENABLE_TESTABILITY = YES;
				GCC_C_LANGUAGE_STANDARD = gnu11;
				GCC_DYNAMIC_NO_PIC = NO;
				GCC_NO_COMMON_BLOCKS = YES;
				GCC_OPTIMIZATION_LEVEL = 0;
				GCC_PREPROCESSOR_DEFINITIONS = (
					"DEBUG=1",
					"$(inherited)",
				);
				GCC_WARN_64_TO_32_BIT_CONVERSION = YES;
				GCC_WARN_ABOUT_RETURN_TYPE = YES_ERROR;
				GCC_WARN_UNDECLARED_SELECTOR = YES;
				GCC_WARN_UNINITIALIZED_AUTOS = YES_AGGRESSIVE;
				GCC_WARN_UNUSED_FUNCTION = YES;
				GCC_WARN_UNUSED_VARIABLE = YES;
				IPHONEOS_DEPLOYMENT_TARGET = 15.5;
				MTL_ENABLE_DEBUG_INFO = INCLUDE_SOURCE;
				MTL_FAST_MATH = YES;
				ONLY_ACTIVE_ARCH = YES;
				SDKROOT = iphoneos;
				SWIFT_ACTIVE_COMPILATION_CONDITIONS = DEBUG;
				SWIFT_OPTIMIZATION_LEVEL = "-Onone";
			};
			name = Debug;
		};
		7568137C28C4374A004CE51B /* Release */ = {
			isa = XCBuildConfiguration;
			buildSettings = {
				ALWAYS_SEARCH_USER_PATHS = NO;
				CLANG_ANALYZER_NONNULL = YES;
				CLANG_ANALYZER_NUMBER_OBJECT_CONVERSION = YES_AGGRESSIVE;
				CLANG_CXX_LANGUAGE_STANDARD = "gnu++17";
				CLANG_ENABLE_MODULES = YES;
				CLANG_ENABLE_OBJC_ARC = YES;
				CLANG_ENABLE_OBJC_WEAK = YES;
				CLANG_WARN_BLOCK_CAPTURE_AUTORELEASING = YES;
				CLANG_WARN_BOOL_CONVERSION = YES;
				CLANG_WARN_COMMA = YES;
				CLANG_WARN_CONSTANT_CONVERSION = YES;
				CLANG_WARN_DEPRECATED_OBJC_IMPLEMENTATIONS = YES;
				CLANG_WARN_DIRECT_OBJC_ISA_USAGE = YES_ERROR;
				CLANG_WARN_DOCUMENTATION_COMMENTS = YES;
				CLANG_WARN_EMPTY_BODY = YES;
				CLANG_WARN_ENUM_CONVERSION = YES;
				CLANG_WARN_INFINITE_RECURSION = YES;
				CLANG_WARN_INT_CONVERSION = YES;
				CLANG_WARN_NON_LITERAL_NULL_CONVERSION = YES;
				CLANG_WARN_OBJC_IMPLICIT_RETAIN_SELF = YES;
				CLANG_WARN_OBJC_LITERAL_CONVERSION = YES;
				CLANG_WARN_OBJC_ROOT_CLASS = YES_ERROR;
				CLANG_WARN_QUOTED_INCLUDE_IN_FRAMEWORK_HEADER = YES;
				CLANG_WARN_RANGE_LOOP_ANALYSIS = YES;
				CLANG_WARN_STRICT_PROTOTYPES = YES;
				CLANG_WARN_SUSPICIOUS_MOVE = YES;
				CLANG_WARN_UNGUARDED_AVAILABILITY = YES_AGGRESSIVE;
				CLANG_WARN_UNREACHABLE_CODE = YES;
				CLANG_WARN__DUPLICATE_METHOD_MATCH = YES;
				COPY_PHASE_STRIP = NO;
				DEBUG_INFORMATION_FORMAT = "dwarf-with-dsym";
				ENABLE_NS_ASSERTIONS = NO;
				ENABLE_STRICT_OBJC_MSGSEND = YES;
				GCC_C_LANGUAGE_STANDARD = gnu11;
				GCC_NO_COMMON_BLOCKS = YES;
				GCC_WARN_64_TO_32_BIT_CONVERSION = YES;
				GCC_WARN_ABOUT_RETURN_TYPE = YES_ERROR;
				GCC_WARN_UNDECLARED_SELECTOR = YES;
				GCC_WARN_UNINITIALIZED_AUTOS = YES_AGGRESSIVE;
				GCC_WARN_UNUSED_FUNCTION = YES;
				GCC_WARN_UNUSED_VARIABLE = YES;
				IPHONEOS_DEPLOYMENT_TARGET = 15.5;
				MTL_ENABLE_DEBUG_INFO = NO;
				MTL_FAST_MATH = YES;
				SDKROOT = iphoneos;
				SWIFT_COMPILATION_MODE = wholemodule;
				SWIFT_OPTIMIZATION_LEVEL = "-O";
				VALIDATE_PRODUCT = YES;
			};
			name = Release;
		};
		7568137E28C4374A004CE51B /* Debug */ = {
			isa = XCBuildConfiguration;
			buildSettings = {
				ASSETCATALOG_COMPILER_APPICON_NAME = AppIcon;
				ASSETCATALOG_COMPILER_GLOBAL_ACCENT_COLOR_NAME = AccentColor;
				CODE_SIGN_ENTITLEMENTS = Finanzas/Finanzas.entitlements;
				CODE_SIGN_STYLE = Automatic;
				CURRENT_PROJECT_VERSION = 1;
				DEVELOPMENT_ASSET_PATHS = "\"Finanzas/Preview Content\"";
				DEVELOPMENT_TEAM = E8DUL3GSQE;
				ENABLE_PREVIEWS = YES;
				GENERATE_INFOPLIST_FILE = YES;
				INFOPLIST_KEY_UIApplicationSceneManifest_Generation = YES;
				INFOPLIST_KEY_UIApplicationSupportsIndirectInputEvents = YES;
				INFOPLIST_KEY_UILaunchScreen_Generation = YES;
				INFOPLIST_KEY_UISupportedInterfaceOrientations_iPad = "UIInterfaceOrientationPortrait UIInterfaceOrientationPortraitUpsideDown UIInterfaceOrientationLandscapeLeft UIInterfaceOrientationLandscapeRight";
				INFOPLIST_KEY_UISupportedInterfaceOrientations_iPhone = "UIInterfaceOrientationPortrait UIInterfaceOrientationLandscapeLeft UIInterfaceOrientationLandscapeRight";
				LD_RUNPATH_SEARCH_PATHS = (
					"$(inherited)",
					"@executable_path/Frameworks",
				);
				MARKETING_VERSION = 1.0;
				PRODUCT_BUNDLE_IDENTIFIER = tech.fundacao.Finanzas;
				PRODUCT_NAME = "$(TARGET_NAME)";
				SUPPORTS_MACCATALYST = YES;
				SWIFT_EMIT_LOC_STRINGS = YES;
				SWIFT_VERSION = 5.0;
				TARGETED_DEVICE_FAMILY = "1,2,6";
			};
			name = Debug;
		};
		7568137F28C4374A004CE51B /* Release */ = {
			isa = XCBuildConfiguration;
			buildSettings = {
				ASSETCATALOG_COMPILER_APPICON_NAME = AppIcon;
				ASSETCATALOG_COMPILER_GLOBAL_ACCENT_COLOR_NAME = AccentColor;
				CODE_SIGN_ENTITLEMENTS = Finanzas/Finanzas.entitlements;
				CODE_SIGN_STYLE = Automatic;
				CURRENT_PROJECT_VERSION = 1;
				DEVELOPMENT_ASSET_PATHS = "\"Finanzas/Preview Content\"";
				DEVELOPMENT_TEAM = E8DUL3GSQE;
				ENABLE_PREVIEWS = YES;
				GENERATE_INFOPLIST_FILE = YES;
				INFOPLIST_KEY_UIApplicationSceneManifest_Generation = YES;
				INFOPLIST_KEY_UIApplicationSupportsIndirectInputEvents = YES;
				INFOPLIST_KEY_UILaunchScreen_Generation = YES;
				INFOPLIST_KEY_UISupportedInterfaceOrientations_iPad = "UIInterfaceOrientationPortrait UIInterfaceOrientationPortraitUpsideDown UIInterfaceOrientationLandscapeLeft UIInterfaceOrientationLandscapeRight";
				INFOPLIST_KEY_UISupportedInterfaceOrientations_iPhone = "UIInterfaceOrientationPortrait UIInterfaceOrientationLandscapeLeft UIInterfaceOrientationLandscapeRight";
				LD_RUNPATH_SEARCH_PATHS = (
					"$(inherited)",
					"@executable_path/Frameworks",
				);
				MARKETING_VERSION = 1.0;
				PRODUCT_BUNDLE_IDENTIFIER = tech.fundacao.Finanzas;
				PRODUCT_NAME = "$(TARGET_NAME)";
				SUPPORTS_MACCATALYST = YES;
				SWIFT_EMIT_LOC_STRINGS = YES;
				SWIFT_VERSION = 5.0;
				TARGETED_DEVICE_FAMILY = "1,2,6";
			};
			name = Release;
		};
/* End XCBuildConfiguration section */

/* Begin XCConfigurationList section */
		7568136A28C43748004CE51B /* Build configuration list for PBXProject "Finanzas" */ = {
			isa = XCConfigurationList;
			buildConfigurations = (
				7568137B28C4374A004CE51B /* Debug */,
				7568137C28C4374A004CE51B /* Release */,
			);
			defaultConfigurationIsVisible = 0;
			defaultConfigurationName = Release;
		};
		7568137D28C4374A004CE51B /* Build configuration list for PBXNativeTarget "Finanzas" */ = {
			isa = XCConfigurationList;
			buildConfigurations = (
				7568137E28C4374A004CE51B /* Debug */,
				7568137F28C4374A004CE51B /* Release */,
			);
			defaultConfigurationIsVisible = 0;
			defaultConfigurationName = Release;
		};
/* End XCConfigurationList section */

/* Begin XCRemoteSwiftPackageReference section */
		7505CF7428C590A0003AF679 /* XCRemoteSwiftPackageReference "CurrencyText" */ = {
			isa = XCRemoteSwiftPackageReference;
			repositoryURL = "https://github.com/marinofelipe/CurrencyText.git";
			requirement = {
				kind = upToNextMajorVersion;
				minimumVersion = 3.0.0;
			};
		};
/* End XCRemoteSwiftPackageReference section */

/* Begin XCSwiftPackageProductDependency section */
		7505CF7528C590A0003AF679 /* CurrencyFormatter */ = {
			isa = XCSwiftPackageProductDependency;
			package = 7505CF7428C590A0003AF679 /* XCRemoteSwiftPackageReference "CurrencyText" */;
			productName = CurrencyFormatter;
		};
		7505CF7728C590A0003AF679 /* CurrencyTextSwiftUI */ = {
			isa = XCSwiftPackageProductDependency;
			package = 7505CF7428C590A0003AF679 /* XCRemoteSwiftPackageReference "CurrencyText" */;
			productName = CurrencyTextSwiftUI;
		};
/* End XCSwiftPackageProductDependency section */

/* Begin XCVersionGroup section */
		7568138D28C44937004CE51B /* Finanzas.xcdatamodeld */ = {
			isa = XCVersionGroup;
			children = (
				7568138E28C44937004CE51B /* Finanzas.xcdatamodel */,
			);
			currentVersion = 7568138E28C44937004CE51B /* Finanzas.xcdatamodel */;
			path = Finanzas.xcdatamodeld;
			sourceTree = "<group>";
			versionGroupType = wrapper.xcdatamodel;
		};
/* End XCVersionGroup section */
	};
	rootObject = 7568136728C43748004CE51B /* Project object */;
}
